// !$*UTF8*$!
{
	archiveVersion = 1;
	classes = {
	};
	objectVersion = 46;
	objects = {

/* Begin PBXBuildFile section */
		8F014B76B26DA38094740698 /* AMPickerController.m in Sources */ = {isa = PBXBuildFile; fileRef = 8F0F37B35BC39D2D480297F5 /* AMPickerController.m */; };
		8F03D778486C6AEEDE7E8BA1 /* AMPlayer.m in Sources */ = {isa = PBXBuildFile; fileRef = 8F0AE1AC2BDFCA960D899F80 /* AMPlayer.m */; };
		8F081AD4F297441F7B21E453 /* AMViewController.m in Sources */ = {isa = PBXBuildFile; fileRef = 8F04E6D9B4037B610C133F34 /* AMViewController.m */; };
		8F0B34AA1C650F6EBD78FA56 /* AMSequencer.m in Sources */ = {isa = PBXBuildFile; fileRef = 8F0763D2246B340EEC482E45 /* AMSequencer.m */; };
		8F0B7BBFD13CA2A424283225 /* AMCollectionViewCell.m in Sources */ = {isa = PBXBuildFile; fileRef = 8F0B1F4FAA5303D5E98B0847 /* AMCollectionViewCell.m */; };
		A41641911A65DC5C00E3E228 /* AVFoundation.framework in Frameworks */ = {isa = PBXBuildFile; fileRef = A41641901A65DC5C00E3E228 /* AVFoundation.framework */; };
		A41C08EB1A927435006F0F06 /* AMSequenceTableController.m in Sources */ = {isa = PBXBuildFile; fileRef = A41C08EA1A927435006F0F06 /* AMSequenceTableController.m */; };
		A41C08EE1A9279F7006F0F06 /* AMSequenceTableViewCell.m in Sources */ = {isa = PBXBuildFile; fileRef = A41C08ED1A9279F7006F0F06 /* AMSequenceTableViewCell.m */; };
		A41C08F11A92803B006F0F06 /* AMMenuTableViewController.m in Sources */ = {isa = PBXBuildFile; fileRef = A41C08F01A92803B006F0F06 /* AMMenuTableViewController.m */; };
		A41E3CA61A9D1057004C7675 /* AMSequencerSingleton.m in Sources */ = {isa = PBXBuildFile; fileRef = A41E3CA51A9D1057004C7675 /* AMSequencerSingleton.m */; };
		A427C9F11A7D141D0003FB21 /* AMPopoverViewController.m in Sources */ = {isa = PBXBuildFile; fileRef = A427C9F01A7D141D0003FB21 /* AMPopoverViewController.m */; };
		A44492061A9E7CE4008CEB8E /* add.png in Resources */ = {isa = PBXBuildFile; fileRef = A44492041A9E7CE4008CEB8E /* add.png */; };
		A44492071A9E7CE4008CEB8E /* delete.png in Resources */ = {isa = PBXBuildFile; fileRef = A44492051A9E7CE4008CEB8E /* delete.png */; };
		A44804B11A686E430094BA1F /* highStickSound.aif in Resources */ = {isa = PBXBuildFile; fileRef = A44804AE1A686E430094BA1F /* highStickSound.aif */; };
		A44804B21A686E430094BA1F /* lowStickSound.aif in Resources */ = {isa = PBXBuildFile; fileRef = A44804AF1A686E430094BA1F /* lowStickSound.aif */; };
		A44804B31A686E430094BA1F /* tickSound.aif in Resources */ = {isa = PBXBuildFile; fileRef = A44804B01A686E430094BA1F /* tickSound.aif */; };
		A44910791A5F396E00E8C6DB /* AMBar.m in Sources */ = {isa = PBXBuildFile; fileRef = A44910781A5F396E00E8C6DB /* AMBar.m */; };
		A449107C1A5F3A1200E8C6DB /* AMNote.m in Sources */ = {isa = PBXBuildFile; fileRef = A449107B1A5F3A1200E8C6DB /* AMNote.m */; };
		A44A3C731A7BF1E800B3B4DC /* SWRevealViewController.m in Sources */ = {isa = PBXBuildFile; fileRef = A44A3C721A7BF1E800B3B4DC /* SWRevealViewController.m */; };
		A450036C1A9BD73B008F4B6A /* seq1.png in Resources */ = {isa = PBXBuildFile; fileRef = A45003691A9BD73B008F4B6A /* seq1.png */; };
		A450036D1A9BD73B008F4B6A /* seq2.png in Resources */ = {isa = PBXBuildFile; fileRef = A450036A1A9BD73B008F4B6A /* seq2.png */; };
		A450036E1A9BD73B008F4B6A /* seq3.png in Resources */ = {isa = PBXBuildFile; fileRef = A450036B1A9BD73B008F4B6A /* seq3.png */; };
		A45A3D6E1A71B4DF00039934 /* AMCollectionViewController.m in Sources */ = {isa = PBXBuildFile; fileRef = A45A3D6D1A71B4DF00039934 /* AMCollectionViewController.m */; };
		A45F0D4A1A5C6515008673FC /* main.m in Sources */ = {isa = PBXBuildFile; fileRef = A45F0D491A5C6515008673FC /* main.m */; };
		A45F0D4D1A5C6515008673FC /* AppDelegate.m in Sources */ = {isa = PBXBuildFile; fileRef = A45F0D4C1A5C6515008673FC /* AppDelegate.m */; };
		A45F0D531A5C6515008673FC /* Main.storyboard in Resources */ = {isa = PBXBuildFile; fileRef = A45F0D511A5C6515008673FC /* Main.storyboard */; };
		A45F0D581A5C6515008673FC /* LaunchScreen.xib in Resources */ = {isa = PBXBuildFile; fileRef = A45F0D561A5C6515008673FC /* LaunchScreen.xib */; };
		A45F0D641A5C6515008673FC /* iAMTests.m in Sources */ = {isa = PBXBuildFile; fileRef = A45F0D631A5C6515008673FC /* iAMTests.m */; };
		A49FDBC11AB0F208008D5595 /* menu.png in Resources */ = {isa = PBXBuildFile; fileRef = A49FDBC01AB0F208008D5595 /* menu.png */; };
		A4A132A51A95287400D6E2F1 /* AMSequenceStep.m in Sources */ = {isa = PBXBuildFile; fileRef = A4A132A41A95287400D6E2F1 /* AMSequenceStep.m */; };
		A4A132A81A9528A800D6E2F1 /* AMSequence.m in Sources */ = {isa = PBXBuildFile; fileRef = A4A132A71A9528A800D6E2F1 /* AMSequence.m */; };
		A4A4D2391A928C95006CB6CE /* AMStave.m in Sources */ = {isa = PBXBuildFile; fileRef = A4A4D2381A928C95006CB6CE /* AMStave.m */; };
		A4A705EF1AA50E3400A911C6 /* decloop.png in Resources */ = {isa = PBXBuildFile; fileRef = A4A705ED1AA50E3400A911C6 /* decloop.png */; };
		A4A705F01AA50E3400A911C6 /* incloop.png in Resources */ = {isa = PBXBuildFile; fileRef = A4A705EE1AA50E3400A911C6 /* incloop.png */; };
		A4BD704C1AB3088D0054D899 /* AMMenuToolBarCreator.m in Sources */ = {isa = PBXBuildFile; fileRef = A4BD704B1AB3088D0054D899 /* AMMenuToolBarCreator.m */; };
		A4C47C1A1A8BB68E002CF325 /* Images.xcassets in Resources */ = {isa = PBXBuildFile; fileRef = A4C47C191A8BB68E002CF325 /* Images.xcassets */; };
		A4DDA2B61AA8F8B8006B9F33 /* spot.png in Resources */ = {isa = PBXBuildFile; fileRef = A4DDA2B51AA8F8B8006B9F33 /* spot.png */; };
		A4DDA2B81AA8FB57006B9F33 /* selected.png in Resources */ = {isa = PBXBuildFile; fileRef = A4DDA2B71AA8FB57006B9F33 /* selected.png */; };
		A4DDA2BA1AA9079D006B9F33 /* icon.png in Resources */ = {isa = PBXBuildFile; fileRef = A4DDA2B91AA9079D006B9F33 /* icon.png */; };
		A4E7B6231AB745E200D7D357 /* about.png in Resources */ = {isa = PBXBuildFile; fileRef = A4E7B61F1AB745E200D7D357 /* about.png */; };
		A4E7B6241AB745E200D7D357 /* grid.png in Resources */ = {isa = PBXBuildFile; fileRef = A4E7B6201AB745E200D7D357 /* grid.png */; };
		A4E7B6251AB745E200D7D357 /* list.png in Resources */ = {isa = PBXBuildFile; fileRef = A4E7B6211AB745E200D7D357 /* list.png */; };
		A4E7B6261AB745E200D7D357 /* settings.png in Resources */ = {isa = PBXBuildFile; fileRef = A4E7B6221AB745E200D7D357 /* settings.png */; };
/* End PBXBuildFile section */

/* Begin PBXContainerItemProxy section */
		A45F0D5E1A5C6515008673FC /* PBXContainerItemProxy */ = {
			isa = PBXContainerItemProxy;
			containerPortal = A45F0D3C1A5C6515008673FC /* Project object */;
			proxyType = 1;
			remoteGlobalIDString = A45F0D431A5C6515008673FC;
			remoteInfo = iAM;
		};
/* End PBXContainerItemProxy section */

/* Begin PBXFileReference section */
		8F0232E7F6F389A4CECE670C /* AMSequencer.h */ = {isa = PBXFileReference; fileEncoding = 4; lastKnownFileType = sourcecode.c.h; name = AMSequencer.h; path = Core/AMSequencer.h; sourceTree = "<group>"; };
		8F04E6D9B4037B610C133F34 /* AMViewController.m */ = {isa = PBXFileReference; fileEncoding = 4; lastKnownFileType = sourcecode.c.objc; path = AMViewController.m; sourceTree = "<group>"; };
		8F0763D2246B340EEC482E45 /* AMSequencer.m */ = {isa = PBXFileReference; fileEncoding = 4; lastKnownFileType = sourcecode.c.objc; name = AMSequencer.m; path = Core/AMSequencer.m; sourceTree = "<group>"; };
		8F0AD5A2B8400C3F3D22A86A /* AMCollectionViewCell.h */ = {isa = PBXFileReference; fileEncoding = 4; lastKnownFileType = sourcecode.c.h; path = AMCollectionViewCell.h; sourceTree = "<group>"; };
		8F0AE1AC2BDFCA960D899F80 /* AMPlayer.m */ = {isa = PBXFileReference; fileEncoding = 4; lastKnownFileType = sourcecode.c.objc; name = AMPlayer.m; path = Core/AMPlayer.m; sourceTree = "<group>"; };
		8F0B1F4FAA5303D5E98B0847 /* AMCollectionViewCell.m */ = {isa = PBXFileReference; fileEncoding = 4; lastKnownFileType = sourcecode.c.objc; path = AMCollectionViewCell.m; sourceTree = "<group>"; };
		8F0CFF565E646A31B3FE79A7 /* AMPickerController.h */ = {isa = PBXFileReference; fileEncoding = 4; lastKnownFileType = sourcecode.c.h; path = AMPickerController.h; sourceTree = "<group>"; };
		8F0D8E3934B282764EF13D8A /* AMViewController.h */ = {isa = PBXFileReference; fileEncoding = 4; lastKnownFileType = sourcecode.c.h; path = AMViewController.h; sourceTree = "<group>"; };
		8F0DA14C9FCAE3399B86B93B /* AMPlayer.h */ = {isa = PBXFileReference; fileEncoding = 4; lastKnownFileType = sourcecode.c.h; name = AMPlayer.h; path = Core/AMPlayer.h; sourceTree = "<group>"; };
		8F0F37B35BC39D2D480297F5 /* AMPickerController.m */ = {isa = PBXFileReference; fileEncoding = 4; lastKnownFileType = sourcecode.c.objc; path = AMPickerController.m; sourceTree = "<group>"; };
		A41641901A65DC5C00E3E228 /* AVFoundation.framework */ = {isa = PBXFileReference; lastKnownFileType = wrapper.framework; name = AVFoundation.framework; path = System/Library/Frameworks/AVFoundation.framework; sourceTree = SDKROOT; };
		A41C08E91A927435006F0F06 /* AMSequenceTableController.h */ = {isa = PBXFileReference; fileEncoding = 4; lastKnownFileType = sourcecode.c.h; path = AMSequenceTableController.h; sourceTree = "<group>"; };
		A41C08EA1A927435006F0F06 /* AMSequenceTableController.m */ = {isa = PBXFileReference; fileEncoding = 4; lastKnownFileType = sourcecode.c.objc; path = AMSequenceTableController.m; sourceTree = "<group>"; };
		A41C08EC1A9279F7006F0F06 /* AMSequenceTableViewCell.h */ = {isa = PBXFileReference; fileEncoding = 4; lastKnownFileType = sourcecode.c.h; path = AMSequenceTableViewCell.h; sourceTree = "<group>"; };
		A41C08ED1A9279F7006F0F06 /* AMSequenceTableViewCell.m */ = {isa = PBXFileReference; fileEncoding = 4; lastKnownFileType = sourcecode.c.objc; path = AMSequenceTableViewCell.m; sourceTree = "<group>"; };
		A41C08EF1A92803B006F0F06 /* AMMenuTableViewController.h */ = {isa = PBXFileReference; fileEncoding = 4; lastKnownFileType = sourcecode.c.h; path = AMMenuTableViewController.h; sourceTree = "<group>"; };
		A41C08F01A92803B006F0F06 /* AMMenuTableViewController.m */ = {isa = PBXFileReference; fileEncoding = 4; lastKnownFileType = sourcecode.c.objc; path = AMMenuTableViewController.m; sourceTree = "<group>"; };
		A41E3CA41A9D1057004C7675 /* AMSequencerSingleton.h */ = {isa = PBXFileReference; fileEncoding = 4; lastKnownFileType = sourcecode.c.h; name = AMSequencerSingleton.h; path = Core/AMSequencerSingleton.h; sourceTree = "<group>"; };
		A41E3CA51A9D1057004C7675 /* AMSequencerSingleton.m */ = {isa = PBXFileReference; fileEncoding = 4; lastKnownFileType = sourcecode.c.objc; name = AMSequencerSingleton.m; path = Core/AMSequencerSingleton.m; sourceTree = "<group>"; };
		A427C9EF1A7D141D0003FB21 /* AMPopoverViewController.h */ = {isa = PBXFileReference; fileEncoding = 4; lastKnownFileType = sourcecode.c.h; path = AMPopoverViewController.h; sourceTree = "<group>"; };
		A427C9F01A7D141D0003FB21 /* AMPopoverViewController.m */ = {isa = PBXFileReference; fileEncoding = 4; lastKnownFileType = sourcecode.c.objc; path = AMPopoverViewController.m; sourceTree = "<group>"; };
		A44492041A9E7CE4008CEB8E /* add.png */ = {isa = PBXFileReference; lastKnownFileType = image.png; name = add.png; path = Icons/add.png; sourceTree = "<group>"; };
		A44492051A9E7CE4008CEB8E /* delete.png */ = {isa = PBXFileReference; lastKnownFileType = image.png; name = delete.png; path = Icons/delete.png; sourceTree = "<group>"; };
		A44804AE1A686E430094BA1F /* highStickSound.aif */ = {isa = PBXFileReference; lastKnownFileType = file; name = highStickSound.aif; path = Core/Sounds/highStickSound.aif; sourceTree = "<group>"; };
		A44804AF1A686E430094BA1F /* lowStickSound.aif */ = {isa = PBXFileReference; lastKnownFileType = file; name = lowStickSound.aif; path = Core/Sounds/lowStickSound.aif; sourceTree = "<group>"; };
		A44804B01A686E430094BA1F /* tickSound.aif */ = {isa = PBXFileReference; lastKnownFileType = file; name = tickSound.aif; path = Core/Sounds/tickSound.aif; sourceTree = "<group>"; };
		A44910771A5F396E00E8C6DB /* AMBar.h */ = {isa = PBXFileReference; fileEncoding = 4; lastKnownFileType = sourcecode.c.h; name = AMBar.h; path = Core/AMBar.h; sourceTree = "<group>"; };
		A44910781A5F396E00E8C6DB /* AMBar.m */ = {isa = PBXFileReference; fileEncoding = 4; lastKnownFileType = sourcecode.c.objc; name = AMBar.m; path = Core/AMBar.m; sourceTree = "<group>"; };
		A449107A1A5F3A1200E8C6DB /* AMNote.h */ = {isa = PBXFileReference; fileEncoding = 4; lastKnownFileType = sourcecode.c.h; name = AMNote.h; path = Core/AMNote.h; sourceTree = "<group>"; };
		A449107B1A5F3A1200E8C6DB /* AMNote.m */ = {isa = PBXFileReference; fileEncoding = 4; lastKnownFileType = sourcecode.c.objc; name = AMNote.m; path = Core/AMNote.m; sourceTree = "<group>"; };
		A44A3C711A7BF1E800B3B4DC /* SWRevealViewController.h */ = {isa = PBXFileReference; fileEncoding = 4; lastKnownFileType = sourcecode.c.h; path = SWRevealViewController.h; sourceTree = "<group>"; };
		A44A3C721A7BF1E800B3B4DC /* SWRevealViewController.m */ = {isa = PBXFileReference; fileEncoding = 4; lastKnownFileType = sourcecode.c.objc; path = SWRevealViewController.m; sourceTree = "<group>"; };
		A45003691A9BD73B008F4B6A /* seq1.png */ = {isa = PBXFileReference; lastKnownFileType = image.png; name = seq1.png; path = Icons/seq1.png; sourceTree = "<group>"; };
		A450036A1A9BD73B008F4B6A /* seq2.png */ = {isa = PBXFileReference; lastKnownFileType = image.png; name = seq2.png; path = Icons/seq2.png; sourceTree = "<group>"; };
		A450036B1A9BD73B008F4B6A /* seq3.png */ = {isa = PBXFileReference; lastKnownFileType = image.png; name = seq3.png; path = Icons/seq3.png; sourceTree = "<group>"; };
		A45A3D6C1A71B4DF00039934 /* AMCollectionViewController.h */ = {isa = PBXFileReference; fileEncoding = 4; lastKnownFileType = sourcecode.c.h; path = AMCollectionViewController.h; sourceTree = "<group>"; };
		A45A3D6D1A71B4DF00039934 /* AMCollectionViewController.m */ = {isa = PBXFileReference; fileEncoding = 4; lastKnownFileType = sourcecode.c.objc; path = AMCollectionViewController.m; sourceTree = "<group>"; };
		A45F0D441A5C6515008673FC /* iAM.app */ = {isa = PBXFileReference; explicitFileType = wrapper.application; includeInIndex = 0; path = iAM.app; sourceTree = BUILT_PRODUCTS_DIR; };
		A45F0D481A5C6515008673FC /* Info.plist */ = {isa = PBXFileReference; lastKnownFileType = text.plist.xml; path = Info.plist; sourceTree = "<group>"; };
		A45F0D491A5C6515008673FC /* main.m */ = {isa = PBXFileReference; lastKnownFileType = sourcecode.c.objc; path = main.m; sourceTree = "<group>"; };
		A45F0D4B1A5C6515008673FC /* AppDelegate.h */ = {isa = PBXFileReference; lastKnownFileType = sourcecode.c.h; path = AppDelegate.h; sourceTree = "<group>"; };
		A45F0D4C1A5C6515008673FC /* AppDelegate.m */ = {isa = PBXFileReference; lastKnownFileType = sourcecode.c.objc; path = AppDelegate.m; sourceTree = "<group>"; };
		A45F0D521A5C6515008673FC /* Base */ = {isa = PBXFileReference; lastKnownFileType = file.storyboard; name = Base; path = Base.lproj/Main.storyboard; sourceTree = "<group>"; };
		A45F0D571A5C6515008673FC /* Base */ = {isa = PBXFileReference; lastKnownFileType = file.xib; name = Base; path = Base.lproj/LaunchScreen.xib; sourceTree = "<group>"; };
		A45F0D5D1A5C6515008673FC /* iAMTests.xctest */ = {isa = PBXFileReference; explicitFileType = wrapper.cfbundle; includeInIndex = 0; path = iAMTests.xctest; sourceTree = BUILT_PRODUCTS_DIR; };
		A45F0D621A5C6515008673FC /* Info.plist */ = {isa = PBXFileReference; lastKnownFileType = text.plist.xml; path = Info.plist; sourceTree = "<group>"; };
		A45F0D631A5C6515008673FC /* iAMTests.m */ = {isa = PBXFileReference; lastKnownFileType = sourcecode.c.objc; path = iAMTests.m; sourceTree = "<group>"; };
		A49FDBC01AB0F208008D5595 /* menu.png */ = {isa = PBXFileReference; lastKnownFileType = image.png; name = menu.png; path = Icons/menu.png; sourceTree = "<group>"; };
		A4A132A31A95287400D6E2F1 /* AMSequenceStep.h */ = {isa = PBXFileReference; fileEncoding = 4; lastKnownFileType = sourcecode.c.h; name = AMSequenceStep.h; path = Core/AMSequenceStep.h; sourceTree = "<group>"; };
		A4A132A41A95287400D6E2F1 /* AMSequenceStep.m */ = {isa = PBXFileReference; fileEncoding = 4; lastKnownFileType = sourcecode.c.objc; name = AMSequenceStep.m; path = Core/AMSequenceStep.m; sourceTree = "<group>"; };
		A4A132A61A9528A800D6E2F1 /* AMSequence.h */ = {isa = PBXFileReference; fileEncoding = 4; lastKnownFileType = sourcecode.c.h; name = AMSequence.h; path = Core/AMSequence.h; sourceTree = "<group>"; };
		A4A132A71A9528A800D6E2F1 /* AMSequence.m */ = {isa = PBXFileReference; fileEncoding = 4; lastKnownFileType = sourcecode.c.objc; name = AMSequence.m; path = Core/AMSequence.m; sourceTree = "<group>"; };
		A4A4D2371A928C95006CB6CE /* AMStave.h */ = {isa = PBXFileReference; fileEncoding = 4; lastKnownFileType = sourcecode.c.h; name = AMStave.h; path = Core/AMStave.h; sourceTree = "<group>"; };
		A4A4D2381A928C95006CB6CE /* AMStave.m */ = {isa = PBXFileReference; fileEncoding = 4; lastKnownFileType = sourcecode.c.objc; name = AMStave.m; path = Core/AMStave.m; sourceTree = "<group>"; };
		A4A705ED1AA50E3400A911C6 /* decloop.png */ = {isa = PBXFileReference; lastKnownFileType = image.png; name = decloop.png; path = Icons/decloop.png; sourceTree = "<group>"; };
		A4A705EE1AA50E3400A911C6 /* incloop.png */ = {isa = PBXFileReference; lastKnownFileType = image.png; name = incloop.png; path = Icons/incloop.png; sourceTree = "<group>"; };
		A4BD704A1AB3088D0054D899 /* AMMenuToolBarCreator.h */ = {isa = PBXFileReference; fileEncoding = 4; lastKnownFileType = sourcecode.c.h; path = AMMenuToolBarCreator.h; sourceTree = "<group>"; };
		A4BD704B1AB3088D0054D899 /* AMMenuToolBarCreator.m */ = {isa = PBXFileReference; fileEncoding = 4; lastKnownFileType = sourcecode.c.objc; path = AMMenuToolBarCreator.m; sourceTree = "<group>"; };
		A4C47C191A8BB68E002CF325 /* Images.xcassets */ = {isa = PBXFileReference; lastKnownFileType = folder.assetcatalog; path = Images.xcassets; sourceTree = "<group>"; };
		A4DDA2B51AA8F8B8006B9F33 /* spot.png */ = {isa = PBXFileReference; lastKnownFileType = image.png; name = spot.png; path = Icons/spot.png; sourceTree = "<group>"; };
		A4DDA2B71AA8FB57006B9F33 /* selected.png */ = {isa = PBXFileReference; lastKnownFileType = image.png; name = selected.png; path = Icons/selected.png; sourceTree = "<group>"; };
		A4DDA2B91AA9079D006B9F33 /* icon.png */ = {isa = PBXFileReference; lastKnownFileType = image.png; name = icon.png; path = Icons/icon.png; sourceTree = "<group>"; };
		A4E7B61F1AB745E200D7D357 /* about.png */ = {isa = PBXFileReference; lastKnownFileType = image.png; name = about.png; path = Icons/about.png; sourceTree = "<group>"; };
		A4E7B6201AB745E200D7D357 /* grid.png */ = {isa = PBXFileReference; lastKnownFileType = image.png; name = grid.png; path = Icons/grid.png; sourceTree = "<group>"; };
		A4E7B6211AB745E200D7D357 /* list.png */ = {isa = PBXFileReference; lastKnownFileType = image.png; name = list.png; path = Icons/list.png; sourceTree = "<group>"; };
		A4E7B6221AB745E200D7D357 /* settings.png */ = {isa = PBXFileReference; lastKnownFileType = image.png; name = settings.png; path = Icons/settings.png; sourceTree = "<group>"; };
/* End PBXFileReference section */

/* Begin PBXFrameworksBuildPhase section */
		A45F0D411A5C6515008673FC /* Frameworks */ = {
			isa = PBXFrameworksBuildPhase;
			buildActionMask = 2147483647;
			files = (
				A41641911A65DC5C00E3E228 /* AVFoundation.framework in Frameworks */,
			);
			runOnlyForDeploymentPostprocessing = 0;
		};
		A45F0D5A1A5C6515008673FC /* Frameworks */ = {
			isa = PBXFrameworksBuildPhase;
			buildActionMask = 2147483647;
			files = (
			);
			runOnlyForDeploymentPostprocessing = 0;
		};
/* End PBXFrameworksBuildPhase section */

/* Begin PBXGroup section */
		8F01C9F7EDEB97C2F2D72BE8 /* Visual */ = {
			isa = PBXGroup;
			children = (
				A49A749F1A9A86FB006BC3C7 /* Icons */,
				A44A3C701A7BF1E800B3B4DC /* SWRevealViewController */,
				8F0AD5A2B8400C3F3D22A86A /* AMCollectionViewCell.h */,
				8F0B1F4FAA5303D5E98B0847 /* AMCollectionViewCell.m */,
				8F0D8E3934B282764EF13D8A /* AMViewController.h */,
				8F04E6D9B4037B610C133F34 /* AMViewController.m */,
				A45A3D6C1A71B4DF00039934 /* AMCollectionViewController.h */,
				A45A3D6D1A71B4DF00039934 /* AMCollectionViewController.m */,
				8F0CFF565E646A31B3FE79A7 /* AMPickerController.h */,
				8F0F37B35BC39D2D480297F5 /* AMPickerController.m */,
				A427C9EF1A7D141D0003FB21 /* AMPopoverViewController.h */,
				A427C9F01A7D141D0003FB21 /* AMPopoverViewController.m */,
				A41C08E91A927435006F0F06 /* AMSequenceTableController.h */,
				A41C08EA1A927435006F0F06 /* AMSequenceTableController.m */,
				A41C08EC1A9279F7006F0F06 /* AMSequenceTableViewCell.h */,
				A41C08ED1A9279F7006F0F06 /* AMSequenceTableViewCell.m */,
				A41C08EF1A92803B006F0F06 /* AMMenuTableViewController.h */,
				A41C08F01A92803B006F0F06 /* AMMenuTableViewController.m */,
				A4BD704A1AB3088D0054D899 /* AMMenuToolBarCreator.h */,
				A4BD704B1AB3088D0054D899 /* AMMenuToolBarCreator.m */,
			);
			path = Visual;
			sourceTree = "<group>";
		};
		8F026D41013513503897B9C8 /* Sounds */ = {
			isa = PBXGroup;
			children = (
				A44804AE1A686E430094BA1F /* highStickSound.aif */,
				A44804AF1A686E430094BA1F /* lowStickSound.aif */,
				A44804B01A686E430094BA1F /* tickSound.aif */,
			);
			name = Sounds;
			sourceTree = "<group>";
		};
		A44910761A5F38EF00E8C6DB /* Core */ = {
			isa = PBXGroup;
			children = (
				A41E3CA41A9D1057004C7675 /* AMSequencerSingleton.h */,
				A41E3CA51A9D1057004C7675 /* AMSequencerSingleton.m */,
				A4A4D2371A928C95006CB6CE /* AMStave.h */,
				A4A4D2381A928C95006CB6CE /* AMStave.m */,
				A44910771A5F396E00E8C6DB /* AMBar.h */,
				A44910781A5F396E00E8C6DB /* AMBar.m */,
				A449107A1A5F3A1200E8C6DB /* AMNote.h */,
				A449107B1A5F3A1200E8C6DB /* AMNote.m */,
				8F0232E7F6F389A4CECE670C /* AMSequencer.h */,
				8F0763D2246B340EEC482E45 /* AMSequencer.m */,
				8F0DA14C9FCAE3399B86B93B /* AMPlayer.h */,
				8F0AE1AC2BDFCA960D899F80 /* AMPlayer.m */,
				8F026D41013513503897B9C8 /* Sounds */,
				A4A132A61A9528A800D6E2F1 /* AMSequence.h */,
				A4A132A71A9528A800D6E2F1 /* AMSequence.m */,
				A4A132A31A95287400D6E2F1 /* AMSequenceStep.h */,
				A4A132A41A95287400D6E2F1 /* AMSequenceStep.m */,
			);
			name = Core;
			sourceTree = "<group>";
		};
		A44A3C701A7BF1E800B3B4DC /* SWRevealViewController */ = {
			isa = PBXGroup;
			children = (
				A44A3C711A7BF1E800B3B4DC /* SWRevealViewController.h */,
				A44A3C721A7BF1E800B3B4DC /* SWRevealViewController.m */,
			);
			path = SWRevealViewController;
			sourceTree = "<group>";
		};
		A45F0D3B1A5C6515008673FC = {
			isa = PBXGroup;
			children = (
				A41641901A65DC5C00E3E228 /* AVFoundation.framework */,
				A45F0D461A5C6515008673FC /* iAM */,
				A45F0D601A5C6515008673FC /* iAMTests */,
				A45F0D451A5C6515008673FC /* Products */,
			);
			sourceTree = "<group>";
		};
		A45F0D451A5C6515008673FC /* Products */ = {
			isa = PBXGroup;
			children = (
				A45F0D441A5C6515008673FC /* iAM.app */,
				A45F0D5D1A5C6515008673FC /* iAMTests.xctest */,
			);
			name = Products;
			sourceTree = "<group>";
		};
		A45F0D461A5C6515008673FC /* iAM */ = {
			isa = PBXGroup;
			children = (
				A4C47C191A8BB68E002CF325 /* Images.xcassets */,
				A44910761A5F38EF00E8C6DB /* Core */,
				A45F0D4B1A5C6515008673FC /* AppDelegate.h */,
				A45F0D4C1A5C6515008673FC /* AppDelegate.m */,
				A45F0D511A5C6515008673FC /* Main.storyboard */,
				A45F0D561A5C6515008673FC /* LaunchScreen.xib */,
				A45F0D471A5C6515008673FC /* Supporting Files */,
				8F01C9F7EDEB97C2F2D72BE8 /* Visual */,
			);
			path = iAM;
			sourceTree = "<group>";
		};
		A45F0D471A5C6515008673FC /* Supporting Files */ = {
			isa = PBXGroup;
			children = (
				A45F0D481A5C6515008673FC /* Info.plist */,
				A45F0D491A5C6515008673FC /* main.m */,
			);
			name = "Supporting Files";
			sourceTree = "<group>";
		};
		A45F0D601A5C6515008673FC /* iAMTests */ = {
			isa = PBXGroup;
			children = (
				A45F0D631A5C6515008673FC /* iAMTests.m */,
				A45F0D611A5C6515008673FC /* Supporting Files */,
			);
			path = iAMTests;
			sourceTree = "<group>";
		};
		A45F0D611A5C6515008673FC /* Supporting Files */ = {
			isa = PBXGroup;
			children = (
				A45F0D621A5C6515008673FC /* Info.plist */,
			);
			name = "Supporting Files";
			sourceTree = "<group>";
		};
		A49A749F1A9A86FB006BC3C7 /* Icons */ = {
			isa = PBXGroup;
			children = (
				A4E7B61F1AB745E200D7D357 /* about.png */,
				A4E7B6201AB745E200D7D357 /* grid.png */,
				A4E7B6211AB745E200D7D357 /* list.png */,
				A4E7B6221AB745E200D7D357 /* settings.png */,
				A49FDBC01AB0F208008D5595 /* menu.png */,
				A4DDA2B91AA9079D006B9F33 /* icon.png */,
				A4DDA2B71AA8FB57006B9F33 /* selected.png */,
				A4DDA2B51AA8F8B8006B9F33 /* spot.png */,
				A4A705ED1AA50E3400A911C6 /* decloop.png */,
				A4A705EE1AA50E3400A911C6 /* incloop.png */,
				A44492041A9E7CE4008CEB8E /* add.png */,
				A44492051A9E7CE4008CEB8E /* delete.png */,
				A45003691A9BD73B008F4B6A /* seq1.png */,
				A450036A1A9BD73B008F4B6A /* seq2.png */,
				A450036B1A9BD73B008F4B6A /* seq3.png */,
			);
			name = Icons;
			sourceTree = "<group>";
		};
/* End PBXGroup section */

/* Begin PBXNativeTarget section */
		A45F0D431A5C6515008673FC /* iAM */ = {
			isa = PBXNativeTarget;
			buildConfigurationList = A45F0D671A5C6515008673FC /* Build configuration list for PBXNativeTarget "iAM" */;
			buildPhases = (
				A45F0D401A5C6515008673FC /* Sources */,
				A45F0D411A5C6515008673FC /* Frameworks */,
				A45F0D421A5C6515008673FC /* Resources */,
			);
			buildRules = (
			);
			dependencies = (
			);
			name = iAM;
			productName = iAM;
			productReference = A45F0D441A5C6515008673FC /* iAM.app */;
			productType = "com.apple.product-type.application";
		};
		A45F0D5C1A5C6515008673FC /* iAMTests */ = {
			isa = PBXNativeTarget;
			buildConfigurationList = A45F0D6A1A5C6515008673FC /* Build configuration list for PBXNativeTarget "iAMTests" */;
			buildPhases = (
				A45F0D591A5C6515008673FC /* Sources */,
				A45F0D5A1A5C6515008673FC /* Frameworks */,
				A45F0D5B1A5C6515008673FC /* Resources */,
			);
			buildRules = (
			);
			dependencies = (
				A45F0D5F1A5C6515008673FC /* PBXTargetDependency */,
			);
			name = iAMTests;
			productName = iAMTests;
			productReference = A45F0D5D1A5C6515008673FC /* iAMTests.xctest */;
			productType = "com.apple.product-type.bundle.unit-test";
		};
/* End PBXNativeTarget section */

/* Begin PBXProject section */
		A45F0D3C1A5C6515008673FC /* Project object */ = {
			isa = PBXProject;
			attributes = {
				LastUpgradeCheck = 0610;
				ORGANIZATIONNAME = "H@E";
				TargetAttributes = {
					A45F0D431A5C6515008673FC = {
						CreatedOnToolsVersion = 6.1.1;
						DevelopmentTeam = KG884VLNH2;
						SystemCapabilities = {
							com.apple.BackgroundModes = {
								enabled = 1;
							};
						};
					};
					A45F0D5C1A5C6515008673FC = {
						CreatedOnToolsVersion = 6.1.1;
						TestTargetID = A45F0D431A5C6515008673FC;
					};
				};
			};
			buildConfigurationList = A45F0D3F1A5C6515008673FC /* Build configuration list for PBXProject "iAM" */;
			compatibilityVersion = "Xcode 3.2";
			developmentRegion = English;
			hasScannedForEncodings = 0;
			knownRegions = (
				en,
				Base,
			);
			mainGroup = A45F0D3B1A5C6515008673FC;
			productRefGroup = A45F0D451A5C6515008673FC /* Products */;
			projectDirPath = "";
			projectRoot = "";
			targets = (
				A45F0D431A5C6515008673FC /* iAM */,
				A45F0D5C1A5C6515008673FC /* iAMTests */,
			);
		};
/* End PBXProject section */

/* Begin PBXResourcesBuildPhase section */
		A45F0D421A5C6515008673FC /* Resources */ = {
			isa = PBXResourcesBuildPhase;
			buildActionMask = 2147483647;
			files = (
				A4A705EF1AA50E3400A911C6 /* decloop.png in Resources */,
				A45F0D531A5C6515008673FC /* Main.storyboard in Resources */,
				A49FDBC11AB0F208008D5595 /* menu.png in Resources */,
				A45F0D581A5C6515008673FC /* LaunchScreen.xib in Resources */,
				A4DDA2B81AA8FB57006B9F33 /* selected.png in Resources */,
				A4DDA2BA1AA9079D006B9F33 /* icon.png in Resources */,
				A450036E1A9BD73B008F4B6A /* seq3.png in Resources */,
				A4A705F01AA50E3400A911C6 /* incloop.png in Resources */,
				A44492061A9E7CE4008CEB8E /* add.png in Resources */,
				A44804B21A686E430094BA1F /* lowStickSound.aif in Resources */,
				A44492071A9E7CE4008CEB8E /* delete.png in Resources */,
				A4E7B6251AB745E200D7D357 /* list.png in Resources */,
				A4E7B6231AB745E200D7D357 /* about.png in Resources */,
				A4E7B6241AB745E200D7D357 /* grid.png in Resources */,
				A4C47C1A1A8BB68E002CF325 /* Images.xcassets in Resources */,
				A4E7B6261AB745E200D7D357 /* settings.png in Resources */,
				A44804B11A686E430094BA1F /* highStickSound.aif in Resources */,
				A44804B31A686E430094BA1F /* tickSound.aif in Resources */,
				A4DDA2B61AA8F8B8006B9F33 /* spot.png in Resources */,
				A450036D1A9BD73B008F4B6A /* seq2.png in Resources */,
				A450036C1A9BD73B008F4B6A /* seq1.png in Resources */,
			);
			runOnlyForDeploymentPostprocessing = 0;
		};
		A45F0D5B1A5C6515008673FC /* Resources */ = {
			isa = PBXResourcesBuildPhase;
			buildActionMask = 2147483647;
			files = (
			);
			runOnlyForDeploymentPostprocessing = 0;
		};
/* End PBXResourcesBuildPhase section */

/* Begin PBXSourcesBuildPhase section */
		A45F0D401A5C6515008673FC /* Sources */ = {
			isa = PBXSourcesBuildPhase;
			buildActionMask = 2147483647;
			files = (
				A427C9F11A7D141D0003FB21 /* AMPopoverViewController.m in Sources */,
				A44A3C731A7BF1E800B3B4DC /* SWRevealViewController.m in Sources */,
				A45F0D4D1A5C6515008673FC /* AppDelegate.m in Sources */,
				A44910791A5F396E00E8C6DB /* AMBar.m in Sources */,
				A45F0D4A1A5C6515008673FC /* main.m in Sources */,
				A449107C1A5F3A1200E8C6DB /* AMNote.m in Sources */,
				8F0B34AA1C650F6EBD78FA56 /* AMSequencer.m in Sources */,
				A4BD704C1AB3088D0054D899 /* AMMenuToolBarCreator.m in Sources */,
				A41C08EB1A927435006F0F06 /* AMSequenceTableController.m in Sources */,
				A41C08F11A92803B006F0F06 /* AMMenuTableViewController.m in Sources */,
				8F0B7BBFD13CA2A424283225 /* AMCollectionViewCell.m in Sources */,
				A41E3CA61A9D1057004C7675 /* AMSequencerSingleton.m in Sources */,
				8F081AD4F297441F7B21E453 /* AMViewController.m in Sources */,
				A4A132A51A95287400D6E2F1 /* AMSequenceStep.m in Sources */,
				A45A3D6E1A71B4DF00039934 /* AMCollectionViewController.m in Sources */,
				A4A132A81A9528A800D6E2F1 /* AMSequence.m in Sources */,
				A4A4D2391A928C95006CB6CE /* AMStave.m in Sources */,
				8F03D778486C6AEEDE7E8BA1 /* AMPlayer.m in Sources */,
				8F014B76B26DA38094740698 /* AMPickerController.m in Sources */,
				A41C08EE1A9279F7006F0F06 /* AMSequenceTableViewCell.m in Sources */,
			);
			runOnlyForDeploymentPostprocessing = 0;
		};
		A45F0D591A5C6515008673FC /* Sources */ = {
			isa = PBXSourcesBuildPhase;
			buildActionMask = 2147483647;
			files = (
				A45F0D641A5C6515008673FC /* iAMTests.m in Sources */,
			);
			runOnlyForDeploymentPostprocessing = 0;
		};
/* End PBXSourcesBuildPhase section */

/* Begin PBXTargetDependency section */
		A45F0D5F1A5C6515008673FC /* PBXTargetDependency */ = {
			isa = PBXTargetDependency;
			target = A45F0D431A5C6515008673FC /* iAM */;
			targetProxy = A45F0D5E1A5C6515008673FC /* PBXContainerItemProxy */;
		};
/* End PBXTargetDependency section */

/* Begin PBXVariantGroup section */
		A45F0D511A5C6515008673FC /* Main.storyboard */ = {
			isa = PBXVariantGroup;
			children = (
				A45F0D521A5C6515008673FC /* Base */,
			);
			name = Main.storyboard;
			sourceTree = "<group>";
		};
		A45F0D561A5C6515008673FC /* LaunchScreen.xib */ = {
			isa = PBXVariantGroup;
			children = (
				A45F0D571A5C6515008673FC /* Base */,
			);
			name = LaunchScreen.xib;
			sourceTree = "<group>";
		};
/* End PBXVariantGroup section */

/* Begin XCBuildConfiguration section */
		A45F0D651A5C6515008673FC /* Debug */ = {
			isa = XCBuildConfiguration;
			buildSettings = {
				ALWAYS_SEARCH_USER_PATHS = NO;
				CLANG_CXX_LANGUAGE_STANDARD = "gnu++0x";
				CLANG_CXX_LIBRARY = "libc++";
				CLANG_ENABLE_MODULES = YES;
				CLANG_ENABLE_OBJC_ARC = YES;
				CLANG_WARN_BOOL_CONVERSION = YES;
				CLANG_WARN_CONSTANT_CONVERSION = YES;
				CLANG_WARN_DIRECT_OBJC_ISA_USAGE = YES_ERROR;
				CLANG_WARN_EMPTY_BODY = YES;
				CLANG_WARN_ENUM_CONVERSION = YES;
				CLANG_WARN_INT_CONVERSION = YES;
				CLANG_WARN_OBJC_ROOT_CLASS = YES_ERROR;
				CLANG_WARN_UNREACHABLE_CODE = YES;
				CLANG_WARN__DUPLICATE_METHOD_MATCH = YES;
				"CODE_SIGN_IDENTITY[sdk=iphoneos*]" = "iPhone Developer";
				COPY_PHASE_STRIP = NO;
				ENABLE_STRICT_OBJC_MSGSEND = YES;
				GCC_C_LANGUAGE_STANDARD = gnu99;
				GCC_DYNAMIC_NO_PIC = NO;
				GCC_OPTIMIZATION_LEVEL = 0;
				GCC_PREPROCESSOR_DEFINITIONS = (
					"DEBUG=1",
					"$(inherited)",
				);
				GCC_SYMBOLS_PRIVATE_EXTERN = NO;
				GCC_WARN_64_TO_32_BIT_CONVERSION = YES;
				GCC_WARN_ABOUT_RETURN_TYPE = YES_ERROR;
				GCC_WARN_UNDECLARED_SELECTOR = YES;
				GCC_WARN_UNINITIALIZED_AUTOS = YES_AGGRESSIVE;
				GCC_WARN_UNUSED_FUNCTION = YES;
				GCC_WARN_UNUSED_VARIABLE = YES;
				IPHONEOS_DEPLOYMENT_TARGET = 8.1;
				MTL_ENABLE_DEBUG_INFO = YES;
				ONLY_ACTIVE_ARCH = YES;
				SDKROOT = iphoneos;
			};
			name = Debug;
		};
		A45F0D661A5C6515008673FC /* Release */ = {
			isa = XCBuildConfiguration;
			buildSettings = {
				ALWAYS_SEARCH_USER_PATHS = NO;
				CLANG_CXX_LANGUAGE_STANDARD = "gnu++0x";
				CLANG_CXX_LIBRARY = "libc++";
				CLANG_ENABLE_MODULES = YES;
				CLANG_ENABLE_OBJC_ARC = YES;
				CLANG_WARN_BOOL_CONVERSION = YES;
				CLANG_WARN_CONSTANT_CONVERSION = YES;
				CLANG_WARN_DIRECT_OBJC_ISA_USAGE = YES_ERROR;
				CLANG_WARN_EMPTY_BODY = YES;
				CLANG_WARN_ENUM_CONVERSION = YES;
				CLANG_WARN_INT_CONVERSION = YES;
				CLANG_WARN_OBJC_ROOT_CLASS = YES_ERROR;
				CLANG_WARN_UNREACHABLE_CODE = YES;
				CLANG_WARN__DUPLICATE_METHOD_MATCH = YES;
				"CODE_SIGN_IDENTITY[sdk=iphoneos*]" = "iPhone Developer";
				COPY_PHASE_STRIP = YES;
				ENABLE_NS_ASSERTIONS = NO;
				ENABLE_STRICT_OBJC_MSGSEND = YES;
				GCC_C_LANGUAGE_STANDARD = gnu99;
				GCC_WARN_64_TO_32_BIT_CONVERSION = YES;
				GCC_WARN_ABOUT_RETURN_TYPE = YES_ERROR;
				GCC_WARN_UNDECLARED_SELECTOR = YES;
				GCC_WARN_UNINITIALIZED_AUTOS = YES_AGGRESSIVE;
				GCC_WARN_UNUSED_FUNCTION = YES;
				GCC_WARN_UNUSED_VARIABLE = YES;
				IPHONEOS_DEPLOYMENT_TARGET = 8.1;
				MTL_ENABLE_DEBUG_INFO = NO;
				SDKROOT = iphoneos;
				VALIDATE_PRODUCT = YES;
			};
			name = Release;
		};
		A45F0D681A5C6515008673FC /* Debug */ = {
			isa = XCBuildConfiguration;
			buildSettings = {
				ASSETCATALOG_COMPILER_APPICON_NAME = AppIcon;
				CLANG_ENABLE_MODULES = YES;
				INFOPLIST_FILE = iAM/Info.plist;
				LD_RUNPATH_SEARCH_PATHS = "$(inherited) @executable_path/Frameworks";
				PRODUCT_NAME = "$(TARGET_NAME)";
				SWIFT_OBJC_BRIDGING_HEADER = "iAM/iAM-Bridging-Header.h";
				SWIFT_OPTIMIZATION_LEVEL = "-Onone";
			};
			name = Debug;
		};
		A45F0D691A5C6515008673FC /* Release */ = {
			isa = XCBuildConfiguration;
			buildSettings = {
				ASSETCATALOG_COMPILER_APPICON_NAME = AppIcon;
				CLANG_ENABLE_MODULES = YES;
				INFOPLIST_FILE = iAM/Info.plist;
				LD_RUNPATH_SEARCH_PATHS = "$(inherited) @executable_path/Frameworks";
				PRODUCT_NAME = "$(TARGET_NAME)";
				SWIFT_OBJC_BRIDGING_HEADER = "iAM/iAM-Bridging-Header.h";
			};
			name = Release;
		};
		A45F0D6B1A5C6515008673FC /* Debug */ = {
			isa = XCBuildConfiguration;
			buildSettings = {
				BUNDLE_LOADER = "$(TEST_HOST)";
				FRAMEWORK_SEARCH_PATHS = (
					"$(SDKROOT)/Developer/Library/Frameworks",
					"$(inherited)",
				);
				GCC_PREPROCESSOR_DEFINITIONS = (
					"DEBUG=1",
					"$(inherited)",
				);
				INFOPLIST_FILE = iAMTests/Info.plist;
				LD_RUNPATH_SEARCH_PATHS = "$(inherited) @executable_path/Frameworks @loader_path/Frameworks";
				PRODUCT_NAME = "$(TARGET_NAME)";
				TEST_HOST = "$(BUILT_PRODUCTS_DIR)/iAM.app/iAM";
			};
			name = Debug;
		};
		A45F0D6C1A5C6515008673FC /* Release */ = {
			isa = XCBuildConfiguration;
			buildSettings = {
				BUNDLE_LOADER = "$(TEST_HOST)";
				FRAMEWORK_SEARCH_PATHS = (
					"$(SDKROOT)/Developer/Library/Frameworks",
					"$(inherited)",
				);
				INFOPLIST_FILE = iAMTests/Info.plist;
				LD_RUNPATH_SEARCH_PATHS = "$(inherited) @executable_path/Frameworks @loader_path/Frameworks";
				PRODUCT_NAME = "$(TARGET_NAME)";
				TEST_HOST = "$(BUILT_PRODUCTS_DIR)/iAM.app/iAM";
			};
			name = Release;
		};
/* End XCBuildConfiguration section */

/* Begin XCConfigurationList section */
		A45F0D3F1A5C6515008673FC /* Build configuration list for PBXProject "iAM" */ = {
			isa = XCConfigurationList;
			buildConfigurations = (
				A45F0D651A5C6515008673FC /* Debug */,
				A45F0D661A5C6515008673FC /* Release */,
			);
			defaultConfigurationIsVisible = 0;
			defaultConfigurationName = Release;
		};
		A45F0D671A5C6515008673FC /* Build configuration list for PBXNativeTarget "iAM" */ = {
			isa = XCConfigurationList;
			buildConfigurations = (
				A45F0D681A5C6515008673FC /* Debug */,
				A45F0D691A5C6515008673FC /* Release */,
			);
			defaultConfigurationIsVisible = 0;
			defaultConfigurationName = Release;
		};
		A45F0D6A1A5C6515008673FC /* Build configuration list for PBXNativeTarget "iAMTests" */ = {
			isa = XCConfigurationList;
			buildConfigurations = (
				A45F0D6B1A5C6515008673FC /* Debug */,
				A45F0D6C1A5C6515008673FC /* Release */,
			);
			defaultConfigurationIsVisible = 0;
			defaultConfigurationName = Release;
		};
/* End XCConfigurationList section */
	};
	rootObject = A45F0D3C1A5C6515008673FC /* Project object */;
}
